
Microsoft Visual Studio Solution File, Format Version 12.00
# Visual Studio 15
Project("{FAE04EC0-301F-11D3-BF4B-00C04F79EFBC}") = "Assembly-CSharp", "Assembly-CSharp.csproj", "{5F250886-49AB-EF18-D7F5-4135E88D7560}"
EndProject
Project("{FAE04EC0-301F-11D3-BF4B-00C04F79EFBC}") = "Assembly-CSharp-Editor", "Assembly-CSharp-Editor.csproj", "{D6603247-A9BC-5CF4-C1DE-1ACBF0FD3133}"
EndProject
Global
	GlobalSection(SolutionConfigurationPlatforms) = preSolution
		Debug|Any CPU = Debug|Any CPU
		Release|Any CPU = Release|Any CPU
	EndGlobalSection
	GlobalSection(ProjectConfigurationPlatforms) = postSolution
		{5F250886-49AB-EF18-D7F5-4135E88D7560}.Debug|Any CPU.ActiveCfg = Debug|Any CPU
		{5F250886-49AB-EF18-D7F5-4135E88D7560}.Debug|Any CPU.Build.0 = Debug|Any CPU
		{5F250886-49AB-EF18-D7F5-4135E88D7560}.Release|Any CPU.ActiveCfg = Release|Any CPU
		{5F250886-49AB-EF18-D7F5-4135E88D7560}.Release|Any CPU.Build.0 = Release|Any CPU
		{D6603247-A9BC-5CF4-C1DE-1ACBF0FD3133}.Debug|Any CPU.ActiveCfg = Debug|Any CPU
		{D6603247-A9BC-5CF4-C1DE-1ACBF0FD3133}.Debug|Any CPU.Build.0 = Debug|Any CPU
		{D6603247-A9BC-5CF4-C1DE-1ACBF0FD3133}.Release|Any CPU.ActiveCfg = Release|Any CPU
		{D6603247-A9BC-5CF4-C1DE-1ACBF0FD3133}.Release|Any CPU.Build.0 = Release|Any CPU
	EndGlobalSection
	GlobalSection(SolutionProperties) = preSolution
		HideSolutionNode = FALSE
	EndGlobalSection
EndGlobal
